
Microsoft Visual Studio Solution File, Format Version 12.00
# Visual Studio Version 16
VisualStudioVersion = 16.0.30223.230
MinimumVisualStudioVersion = 10.0.40219.1
Project("{9A19103F-16F7-4668-BE54-9A1E7A4F7556}") = "Website", "Website\Website.csproj", "{0854B92A-DAA6-4667-B120-DE98A0FCDB0B}"
EndProject
Global
	GlobalSection(SolutionConfigurationPlatforms) = preSolution
		Debug|Any CPU = Debug|Any CPU
		Release|Any CPU = Release|Any CPU
	EndGlobalSection
	GlobalSection(ProjectConfigurationPlatforms) = postSolution
		{0854B92A-DAA6-4667-B120-DE98A0FCDB0B}.Debug|Any CPU.ActiveCfg = Debug|Any CPU
		{0854B92A-DAA6-4667-B120-DE98A0FCDB0B}.Debug|Any CPU.Build.0 = Debug|Any CPU
		{0854B92A-DAA6-4667-B120-DE98A0FCDB0B}.Release|Any CPU.ActiveCfg = Release|Any CPU
		{0854B92A-DAA6-4667-B120-DE98A0FCDB0B}.Release|Any CPU.Build.0 = Release|Any CPU
	EndGlobalSection
	GlobalSection(SolutionProperties) = preSolution
		HideSolutionNode = FALSE
	EndGlobalSection
	GlobalSection(ExtensibilityGlobals) = postSolution
		SolutionGuid = {5B8D1986-FC5D-4611-91DA-C7D414491C81}
	EndGlobalSection
EndGlobal
